
Microsoft Visual Studio Solution File, Format Version 10.00
# Visual Studio 2008
Project("{8BC9CEB8-8B4A-11D0-8D11-00A0C91BC942}") = "NowUpdater", "NowUpdater_vs90.vcproj", "{5A299876-BF4E-37B9-922D-4E6FC1FA9520}"
	ProjectSection(ProjectDependencies) = postProject
		{0E7FE914-0690-3EB4-9119-93A97CC97741} = {0E7FE914-0690-3EB4-9119-93A97CC97741}
		{9E211743-85FE-4977-82F3-4F04B40C912D} = {9E211743-85FE-4977-82F3-4F04B40C912D}
		{89A1E353-E2DC-495C-B403-742BE206ACED} = {89A1E353-E2DC-495C-B403-742BE206ACED}
		{88562969-9EAA-4AA4-AFE2-6507576942C1} = {88562969-9EAA-4AA4-AFE2-6507576942C1}
		{0A06EE6B-411F-42DC-917F-F34E00267019} = {0A06EE6B-411F-42DC-917F-F34E00267019}
		{A097DC74-A5FC-4A0B-804E-B18892426E77} = {A097DC74-A5FC-4A0B-804E-B18892426E77}
		{C2BB8299-AB1E-451A-8047-32D5364B7F78} = {C2BB8299-AB1E-451A-8047-32D5364B7F78}
		{B01196CC-B693-4548-8464-2FF60499E73F} = {B01196CC-B693-4548-8464-2FF60499E73F}
		{6FF56CDB-787A-4714-A28C-919003F9FA6C} = {6FF56CDB-787A-4714-A28C-919003F9FA6C}
		{B057A1FE-09F7-465E-B8B5-E1B659051D76} = {B057A1FE-09F7-465E-B8B5-E1B659051D76}
	EndProjectSection
EndProject
Project("{2150E333-8FDC-42A3-9474-1A3956D46DE8}") = "POCO", "POCO", "{AB98020E-B44F-48F0-9125-BBF0A15B709F}"
EndProject
Project("{8BC9CEB8-8B4A-11D0-8D11-00A0C91BC942}") = "Foundation", "libs\poco\Foundation\Foundation_vs90.vcproj", "{B01196CC-B693-4548-8464-2FF60499E73F}"
EndProject
Project("{8BC9CEB8-8B4A-11D0-8D11-00A0C91BC942}") = "Net", "libs\poco\Net\Net_vs90.vcproj", "{B057A1FE-09F7-465E-B8B5-E1B659051D76}"
EndProject
Project("{8BC9CEB8-8B4A-11D0-8D11-00A0C91BC942}") = "Util", "libs\poco\Util\Util_vs90.vcproj", "{6FF56CDB-787A-4714-A28C-919003F9FA6C}"
EndProject
Project("{8BC9CEB8-8B4A-11D0-8D11-00A0C91BC942}") = "XML", "libs\poco\XML\XML_vs90.vcproj", "{9E211743-85FE-4977-82F3-4F04B40C912D}"
EndProject
Project("{8BC9CEB8-8B4A-11D0-8D11-00A0C91BC942}") = "JSON", "libs\poco\JSON\JSON_vs90.vcproj", "{0E7FE914-0690-3EB4-9119-93A97CC97741}"
EndProject
Project("{2150E333-8FDC-42A3-9474-1A3956D46DE8}") = "libs", "libs", "{2C89EC68-785D-4AC4-80AA-06034D97551F}"
EndProject
Project("{8BC9CEB8-8B4A-11D0-8D11-00A0C91BC942}") = "pugixml", "libs\pugixml\scripts\pugixml_vs2008_static.vcproj", "{89A1E353-E2DC-495C-B403-742BE206ACED}"
EndProject
Project("{8BC9CEB8-8B4A-11D0-8D11-00A0C91BC942}") = "tidylib", "libs\tidy\build\msvc\tidylib.vcproj", "{88562969-9EAA-4AA4-AFE2-6507576942C1}"
EndProject
Project("{8BC9CEB8-8B4A-11D0-8D11-00A0C91BC942}") = "imgui", "libs\imgui.vcproj", "{C2BB8299-AB1E-451A-8047-32D5364B7F78}"
EndProject
Project("{8BC9CEB8-8B4A-11D0-8D11-00A0C91BC942}") = "anitomy", "libs\anitomy\anitomy.vcproj", "{0A06EE6B-411F-42DC-917F-F34E00267019}"
EndProject
Project("{8BC9CEB8-8B4A-11D0-8D11-00A0C91BC942}") = "CopyDataMsgHook", "libs\CopyDataMsgHook\CopyDataMsgHook.vcproj", "{99461023-45F4-4A62-8BD3-C74F60BF10F9}"
EndProject
Project("{8BC9CEB8-8B4A-11D0-8D11-00A0C91BC942}") = "NetSSL_Win", "libs\poco\NetSSL_Win\NetSSL_Win_vs90.vcproj", "{A097DC74-A5FC-4A0B-804E-B18892426E77}"
EndProject
Global
	GlobalSection(SolutionConfigurationPlatforms) = preSolution
		debug_shared|Win32 = debug_shared|Win32
		debug_static_md|Win32 = debug_static_md|Win32
		debug_static_mt|Win32 = debug_static_mt|Win32
		Debug|Win32 = Debug|Win32
		release_shared|Win32 = release_shared|Win32
		release_static_md|Win32 = release_static_md|Win32
		release_static_mt|Win32 = release_static_mt|Win32
		Release|Win32 = Release|Win32
	EndGlobalSection
	GlobalSection(ProjectConfigurationPlatforms) = postSolution
		{5A299876-BF4E-37B9-922D-4E6FC1FA9520}.debug_shared|Win32.ActiveCfg = debug_shared|Win32
		{5A299876-BF4E-37B9-922D-4E6FC1FA9520}.debug_shared|Win32.Build.0 = debug_shared|Win32
		{5A299876-BF4E-37B9-922D-4E6FC1FA9520}.debug_static_md|Win32.ActiveCfg = debug_static_md|Win32
		{5A299876-BF4E-37B9-922D-4E6FC1FA9520}.debug_static_md|Win32.Build.0 = debug_static_md|Win32
		{5A299876-BF4E-37B9-922D-4E6FC1FA9520}.debug_static_mt|Win32.ActiveCfg = debug_static_mt|Win32
		{5A299876-BF4E-37B9-922D-4E6FC1FA9520}.debug_static_mt|Win32.Build.0 = debug_static_mt|Win32
		{5A299876-BF4E-37B9-922D-4E6FC1FA9520}.Debug|Win32.ActiveCfg = debug_static_md|Win32
		{5A299876-BF4E-37B9-922D-4E6FC1FA9520}.Debug|Win32.Build.0 = debug_static_md|Win32
		{5A299876-BF4E-37B9-922D-4E6FC1FA9520}.release_shared|Win32.ActiveCfg = release_shared|Win32
		{5A299876-BF4E-37B9-922D-4E6FC1FA9520}.release_shared|Win32.Build.0 = release_shared|Win32
		{5A299876-BF4E-37B9-922D-4E6FC1FA9520}.release_static_md|Win32.ActiveCfg = release_static_md|Win32
		{5A299876-BF4E-37B9-922D-4E6FC1FA9520}.release_static_md|Win32.Build.0 = release_static_md|Win32
		{5A299876-BF4E-37B9-922D-4E6FC1FA9520}.release_static_mt|Win32.ActiveCfg = release_static_mt|Win32
		{5A299876-BF4E-37B9-922D-4E6FC1FA9520}.release_static_mt|Win32.Build.0 = release_static_mt|Win32
		{5A299876-BF4E-37B9-922D-4E6FC1FA9520}.Release|Win32.ActiveCfg = release_static_md|Win32
		{5A299876-BF4E-37B9-922D-4E6FC1FA9520}.Release|Win32.Build.0 = release_static_md|Win32
		{B01196CC-B693-4548-8464-2FF60499E73F}.debug_shared|Win32.ActiveCfg = debug_shared|Win32
		{B01196CC-B693-4548-8464-2FF60499E73F}.debug_shared|Win32.Build.0 = debug_shared|Win32
		{B01196CC-B693-4548-8464-2FF60499E73F}.debug_static_md|Win32.ActiveCfg = debug_static_md|Win32
		{B01196CC-B693-4548-8464-2FF60499E73F}.debug_static_md|Win32.Build.0 = debug_static_md|Win32
		{B01196CC-B693-4548-8464-2FF60499E73F}.debug_static_mt|Win32.ActiveCfg = debug_static_mt|Win32
		{B01196CC-B693-4548-8464-2FF60499E73F}.debug_static_mt|Win32.Build.0 = debug_static_mt|Win32
		{B01196CC-B693-4548-8464-2FF60499E73F}.Debug|Win32.ActiveCfg = debug_static_md|Win32
		{B01196CC-B693-4548-8464-2FF60499E73F}.Debug|Win32.Build.0 = debug_static_md|Win32
		{B01196CC-B693-4548-8464-2FF60499E73F}.release_shared|Win32.ActiveCfg = release_shared|Win32
		{B01196CC-B693-4548-8464-2FF60499E73F}.release_shared|Win32.Build.0 = release_shared|Win32
		{B01196CC-B693-4548-8464-2FF60499E73F}.release_static_md|Win32.ActiveCfg = release_static_md|Win32
		{B01196CC-B693-4548-8464-2FF60499E73F}.release_static_md|Win32.Build.0 = release_static_md|Win32
		{B01196CC-B693-4548-8464-2FF60499E73F}.release_static_mt|Win32.ActiveCfg = release_static_mt|Win32
		{B01196CC-B693-4548-8464-2FF60499E73F}.release_static_mt|Win32.Build.0 = release_static_mt|Win32
		{B01196CC-B693-4548-8464-2FF60499E73F}.Release|Win32.ActiveCfg = release_static_md|Win32
		{B01196CC-B693-4548-8464-2FF60499E73F}.Release|Win32.Build.0 = release_static_md|Win32
		{B057A1FE-09F7-465E-B8B5-E1B659051D76}.debug_shared|Win32.ActiveCfg = debug_shared|Win32
		{B057A1FE-09F7-465E-B8B5-E1B659051D76}.debug_shared|Win32.Build.0 = debug_shared|Win32
		{B057A1FE-09F7-465E-B8B5-E1B659051D76}.debug_static_md|Win32.ActiveCfg = debug_static_md|Win32
		{B057A1FE-09F7-465E-B8B5-E1B659051D76}.debug_static_md|Win32.Build.0 = debug_static_md|Win32
		{B057A1FE-09F7-465E-B8B5-E1B659051D76}.debug_static_mt|Win32.ActiveCfg = debug_static_mt|Win32
		{B057A1FE-09F7-465E-B8B5-E1B659051D76}.debug_static_mt|Win32.Build.0 = debug_static_mt|Win32
		{B057A1FE-09F7-465E-B8B5-E1B659051D76}.Debug|Win32.ActiveCfg = debug_static_md|Win32
		{B057A1FE-09F7-465E-B8B5-E1B659051D76}.Debug|Win32.Build.0 = debug_static_md|Win32
		{B057A1FE-09F7-465E-B8B5-E1B659051D76}.release_shared|Win32.ActiveCfg = release_shared|Win32
		{B057A1FE-09F7-465E-B8B5-E1B659051D76}.release_shared|Win32.Build.0 = release_shared|Win32
		{B057A1FE-09F7-465E-B8B5-E1B659051D76}.release_static_md|Win32.ActiveCfg = release_static_md|Win32
		{B057A1FE-09F7-465E-B8B5-E1B659051D76}.release_static_md|Win32.Build.0 = release_static_md|Win32
		{B057A1FE-09F7-465E-B8B5-E1B659051D76}.release_static_mt|Win32.ActiveCfg = release_static_mt|Win32
		{B057A1FE-09F7-465E-B8B5-E1B659051D76}.release_static_mt|Win32.Build.0 = release_static_mt|Win32
		{B057A1FE-09F7-465E-B8B5-E1B659051D76}.Release|Win32.ActiveCfg = release_static_md|Win32
		{B057A1FE-09F7-465E-B8B5-E1B659051D76}.Release|Win32.Build.0 = release_static_md|Win32
		{6FF56CDB-787A-4714-A28C-919003F9FA6C}.debug_shared|Win32.ActiveCfg = debug_shared|Win32
		{6FF56CDB-787A-4714-A28C-919003F9FA6C}.debug_shared|Win32.Build.0 = debug_shared|Win32
		{6FF56CDB-787A-4714-A28C-919003F9FA6C}.debug_static_md|Win32.ActiveCfg = debug_static_md|Win32
		{6FF56CDB-787A-4714-A28C-919003F9FA6C}.debug_static_md|Win32.Build.0 = debug_static_md|Win32
		{6FF56CDB-787A-4714-A28C-919003F9FA6C}.debug_static_mt|Win32.ActiveCfg = debug_static_mt|Win32
		{6FF56CDB-787A-4714-A28C-919003F9FA6C}.debug_static_mt|Win32.Build.0 = debug_static_mt|Win32
		{6FF56CDB-787A-4714-A28C-919003F9FA6C}.Debug|Win32.ActiveCfg = debug_static_md|Win32
		{6FF56CDB-787A-4714-A28C-919003F9FA6C}.Debug|Win32.Build.0 = debug_static_md|Win32
		{6FF56CDB-787A-4714-A28C-919003F9FA6C}.release_shared|Win32.ActiveCfg = release_shared|Win32
		{6FF56CDB-787A-4714-A28C-919003F9FA6C}.release_shared|Win32.Build.0 = release_shared|Win32
		{6FF56CDB-787A-4714-A28C-919003F9FA6C}.release_static_md|Win32.ActiveCfg = release_static_md|Win32
		{6FF56CDB-787A-4714-A28C-919003F9FA6C}.release_static_md|Win32.Build.0 = release_static_md|Win32
		{6FF56CDB-787A-4714-A28C-919003F9FA6C}.release_static_mt|Win32.ActiveCfg = release_static_mt|Win32
		{6FF56CDB-787A-4714-A28C-919003F9FA6C}.release_static_mt|Win32.Build.0 = release_static_mt|Win32
		{6FF56CDB-787A-4714-A28C-919003F9FA6C}.Release|Win32.ActiveCfg = release_static_md|Win32
		{6FF56CDB-787A-4714-A28C-919003F9FA6C}.Release|Win32.Build.0 = release_static_md|Win32
		{9E211743-85FE-4977-82F3-4F04B40C912D}.debug_shared|Win32.ActiveCfg = debug_shared|Win32
		{9E211743-85FE-4977-82F3-4F04B40C912D}.debug_shared|Win32.Build.0 = debug_shared|Win32
		{9E211743-85FE-4977-82F3-4F04B40C912D}.debug_static_md|Win32.ActiveCfg = debug_static_md|Win32
		{9E211743-85FE-4977-82F3-4F04B40C912D}.debug_static_md|Win32.Build.0 = debug_static_md|Win32
		{9E211743-85FE-4977-82F3-4F04B40C912D}.debug_static_mt|Win32.ActiveCfg = debug_static_mt|Win32
		{9E211743-85FE-4977-82F3-4F04B40C912D}.debug_static_mt|Win32.Build.0 = debug_static_mt|Win32
		{9E211743-85FE-4977-82F3-4F04B40C912D}.Debug|Win32.ActiveCfg = debug_static_md|Win32
		{9E211743-85FE-4977-82F3-4F04B40C912D}.Debug|Win32.Build.0 = debug_static_md|Win32
		{9E211743-85FE-4977-82F3-4F04B40C912D}.release_shared|Win32.ActiveCfg = release_shared|Win32
		{9E211743-85FE-4977-82F3-4F04B40C912D}.release_shared|Win32.Build.0 = release_shared|Win32
		{9E211743-85FE-4977-82F3-4F04B40C912D}.release_static_md|Win32.ActiveCfg = release_static_md|Win32
		{9E211743-85FE-4977-82F3-4F04B40C912D}.release_static_md|Win32.Build.0 = release_static_md|Win32
		{9E211743-85FE-4977-82F3-4F04B40C912D}.release_static_mt|Win32.ActiveCfg = release_static_mt|Win32
		{9E211743-85FE-4977-82F3-4F04B40C912D}.release_static_mt|Win32.Build.0 = release_static_mt|Win32
		{9E211743-85FE-4977-82F3-4F04B40C912D}.Release|Win32.ActiveCfg = release_static_md|Win32
		{9E211743-85FE-4977-82F3-4F04B40C912D}.Release|Win32.Build.0 = release_static_md|Win32
		{0E7FE914-0690-3EB4-9119-93A97CC97741}.debug_shared|Win32.ActiveCfg = debug_shared|Win32
		{0E7FE914-0690-3EB4-9119-93A97CC97741}.debug_shared|Win32.Build.0 = debug_shared|Win32
		{0E7FE914-0690-3EB4-9119-93A97CC97741}.debug_static_md|Win32.ActiveCfg = debug_static_md|Win32
		{0E7FE914-0690-3EB4-9119-93A97CC97741}.debug_static_md|Win32.Build.0 = debug_static_md|Win32
		{0E7FE914-0690-3EB4-9119-93A97CC97741}.debug_static_mt|Win32.ActiveCfg = debug_static_mt|Win32
		{0E7FE914-0690-3EB4-9119-93A97CC97741}.debug_static_mt|Win32.Build.0 = debug_static_mt|Win32
		{0E7FE914-0690-3EB4-9119-93A97CC97741}.Debug|Win32.ActiveCfg = debug_static_md|Win32
		{0E7FE914-0690-3EB4-9119-93A97CC97741}.Debug|Win32.Build.0 = debug_static_md|Win32
		{0E7FE914-0690-3EB4-9119-93A97CC97741}.release_shared|Win32.ActiveCfg = release_shared|Win32
		{0E7FE914-0690-3EB4-9119-93A97CC97741}.release_shared|Win32.Build.0 = release_shared|Win32
		{0E7FE914-0690-3EB4-9119-93A97CC97741}.release_static_md|Win32.ActiveCfg = release_static_md|Win32
		{0E7FE914-0690-3EB4-9119-93A97CC97741}.release_static_md|Win32.Build.0 = release_static_md|Win32
		{0E7FE914-0690-3EB4-9119-93A97CC97741}.release_static_mt|Win32.ActiveCfg = release_static_mt|Win32
		{0E7FE914-0690-3EB4-9119-93A97CC97741}.release_static_mt|Win32.Build.0 = release_static_mt|Win32
		{0E7FE914-0690-3EB4-9119-93A97CC97741}.Release|Win32.ActiveCfg = release_static_md|Win32
		{0E7FE914-0690-3EB4-9119-93A97CC97741}.Release|Win32.Build.0 = release_static_md|Win32
		{89A1E353-E2DC-495C-B403-742BE206ACED}.debug_shared|Win32.ActiveCfg = Debug|Win32
		{89A1E353-E2DC-495C-B403-742BE206ACED}.debug_static_md|Win32.ActiveCfg = Debug|Win32
		{89A1E353-E2DC-495C-B403-742BE206ACED}.debug_static_mt|Win32.ActiveCfg = Debug|Win32
		{89A1E353-E2DC-495C-B403-742BE206ACED}.debug_static_mt|Win32.Build.0 = Debug|Win32
		{89A1E353-E2DC-495C-B403-742BE206ACED}.Debug|Win32.ActiveCfg = Debug|Win32
		{89A1E353-E2DC-495C-B403-742BE206ACED}.release_shared|Win32.ActiveCfg = Release|Win32
		{89A1E353-E2DC-495C-B403-742BE206ACED}.release_static_md|Win32.ActiveCfg = Release|Win32
		{89A1E353-E2DC-495C-B403-742BE206ACED}.release_static_mt|Win32.ActiveCfg = Release|Win32
		{89A1E353-E2DC-495C-B403-742BE206ACED}.Release|Win32.ActiveCfg = Release|Win32
		{88562969-9EAA-4AA4-AFE2-6507576942C1}.debug_shared|Win32.ActiveCfg = Debug|Win32
		{88562969-9EAA-4AA4-AFE2-6507576942C1}.debug_shared|Win32.Build.0 = Debug|Win32
		{88562969-9EAA-4AA4-AFE2-6507576942C1}.debug_static_md|Win32.ActiveCfg = Debug|Win32
		{88562969-9EAA-4AA4-AFE2-6507576942C1}.debug_static_md|Win32.Build.0 = Debug|Win32
		{88562969-9EAA-4AA4-AFE2-6507576942C1}.debug_static_mt|Win32.ActiveCfg = Debug|Win32
		{88562969-9EAA-4AA4-AFE2-6507576942C1}.debug_static_mt|Win32.Build.0 = Debug|Win32
		{88562969-9EAA-4AA4-AFE2-6507576942C1}.Debug|Win32.ActiveCfg = Debug|Win32
		{88562969-9EAA-4AA4-AFE2-6507576942C1}.Debug|Win32.Build.0 = Debug|Win32
		{88562969-9EAA-4AA4-AFE2-6507576942C1}.release_shared|Win32.ActiveCfg = Release|Win32
		{88562969-9EAA-4AA4-AFE2-6507576942C1}.release_shared|Win32.Build.0 = Release|Win32
		{88562969-9EAA-4AA4-AFE2-6507576942C1}.release_static_md|Win32.ActiveCfg = Release|Win32
		{88562969-9EAA-4AA4-AFE2-6507576942C1}.release_static_md|Win32.Build.0 = Release|Win32
		{88562969-9EAA-4AA4-AFE2-6507576942C1}.release_static_mt|Win32.ActiveCfg = Release|Win32
		{88562969-9EAA-4AA4-AFE2-6507576942C1}.release_static_mt|Win32.Build.0 = Release|Win32
		{88562969-9EAA-4AA4-AFE2-6507576942C1}.Release|Win32.ActiveCfg = Release|Win32
		{88562969-9EAA-4AA4-AFE2-6507576942C1}.Release|Win32.Build.0 = Release|Win32
		{C2BB8299-AB1E-451A-8047-32D5364B7F78}.debug_shared|Win32.ActiveCfg = Debug|Win32
		{C2BB8299-AB1E-451A-8047-32D5364B7F78}.debug_shared|Win32.Build.0 = Debug|Win32
		{C2BB8299-AB1E-451A-8047-32D5364B7F78}.debug_static_md|Win32.ActiveCfg = Debug|Win32
		{C2BB8299-AB1E-451A-8047-32D5364B7F78}.debug_static_md|Win32.Build.0 = Debug|Win32
		{C2BB8299-AB1E-451A-8047-32D5364B7F78}.debug_static_mt|Win32.ActiveCfg = Debug|Win32
		{C2BB8299-AB1E-451A-8047-32D5364B7F78}.debug_static_mt|Win32.Build.0 = Debug|Win32
		{C2BB8299-AB1E-451A-8047-32D5364B7F78}.Debug|Win32.ActiveCfg = Debug|Win32
		{C2BB8299-AB1E-451A-8047-32D5364B7F78}.Debug|Win32.Build.0 = Debug|Win32
		{C2BB8299-AB1E-451A-8047-32D5364B7F78}.release_shared|Win32.ActiveCfg = Release|Win32
		{C2BB8299-AB1E-451A-8047-32D5364B7F78}.release_shared|Win32.Build.0 = Release|Win32
		{C2BB8299-AB1E-451A-8047-32D5364B7F78}.release_static_md|Win32.ActiveCfg = Release|Win32
		{C2BB8299-AB1E-451A-8047-32D5364B7F78}.release_static_md|Win32.Build.0 = Release|Win32
		{C2BB8299-AB1E-451A-8047-32D5364B7F78}.release_static_mt|Win32.ActiveCfg = Release|Win32
		{C2BB8299-AB1E-451A-8047-32D5364B7F78}.release_static_mt|Win32.Build.0 = Release|Win32
		{C2BB8299-AB1E-451A-8047-32D5364B7F78}.Release|Win32.ActiveCfg = Release|Win32
		{C2BB8299-AB1E-451A-8047-32D5364B7F78}.Release|Win32.Build.0 = Release|Win32
		{0A06EE6B-411F-42DC-917F-F34E00267019}.debug_shared|Win32.ActiveCfg = Debug|Win32
		{0A06EE6B-411F-42DC-917F-F34E00267019}.debug_shared|Win32.Build.0 = Debug|Win32
		{0A06EE6B-411F-42DC-917F-F34E00267019}.debug_static_md|Win32.ActiveCfg = Debug|Win32
		{0A06EE6B-411F-42DC-917F-F34E00267019}.debug_static_md|Win32.Build.0 = Debug|Win32
		{0A06EE6B-411F-42DC-917F-F34E00267019}.debug_static_mt|Win32.ActiveCfg = Debug|Win32
		{0A06EE6B-411F-42DC-917F-F34E00267019}.debug_static_mt|Win32.Build.0 = Debug|Win32
		{0A06EE6B-411F-42DC-917F-F34E00267019}.Debug|Win32.ActiveCfg = Debug|Win32
		{0A06EE6B-411F-42DC-917F-F34E00267019}.Debug|Win32.Build.0 = Debug|Win32
		{0A06EE6B-411F-42DC-917F-F34E00267019}.release_shared|Win32.ActiveCfg = Release|Win32
		{0A06EE6B-411F-42DC-917F-F34E00267019}.release_shared|Win32.Build.0 = Release|Win32
		{0A06EE6B-411F-42DC-917F-F34E00267019}.release_static_md|Win32.ActiveCfg = Release|Win32
		{0A06EE6B-411F-42DC-917F-F34E00267019}.release_static_md|Win32.Build.0 = Release|Win32
		{0A06EE6B-411F-42DC-917F-F34E00267019}.release_static_mt|Win32.ActiveCfg = Release|Win32
		{0A06EE6B-411F-42DC-917F-F34E00267019}.release_static_mt|Win32.Build.0 = Release|Win32
		{0A06EE6B-411F-42DC-917F-F34E00267019}.Release|Win32.ActiveCfg = Release|Win32
		{0A06EE6B-411F-42DC-917F-F34E00267019}.Release|Win32.Build.0 = Release|Win32
		{99461023-45F4-4A62-8BD3-C74F60BF10F9}.debug_shared|Win32.ActiveCfg = Debug|Win32
		{99461023-45F4-4A62-8BD3-C74F60BF10F9}.debug_shared|Win32.Build.0 = Debug|Win32
		{99461023-45F4-4A62-8BD3-C74F60BF10F9}.debug_static_md|Win32.ActiveCfg = Debug|Win32
		{99461023-45F4-4A62-8BD3-C74F60BF10F9}.debug_static_md|Win32.Build.0 = Debug|Win32
		{99461023-45F4-4A62-8BD3-C74F60BF10F9}.debug_static_mt|Win32.ActiveCfg = Debug|Win32
		{99461023-45F4-4A62-8BD3-C74F60BF10F9}.debug_static_mt|Win32.Build.0 = Debug|Win32
		{99461023-45F4-4A62-8BD3-C74F60BF10F9}.Debug|Win32.ActiveCfg = Debug|Win32
		{99461023-45F4-4A62-8BD3-C74F60BF10F9}.Debug|Win32.Build.0 = Debug|Win32
		{99461023-45F4-4A62-8BD3-C74F60BF10F9}.release_shared|Win32.ActiveCfg = Release|Win32
		{99461023-45F4-4A62-8BD3-C74F60BF10F9}.release_shared|Win32.Build.0 = Release|Win32
		{99461023-45F4-4A62-8BD3-C74F60BF10F9}.release_static_md|Win32.ActiveCfg = Release|Win32
		{99461023-45F4-4A62-8BD3-C74F60BF10F9}.release_static_md|Win32.Build.0 = Release|Win32
		{99461023-45F4-4A62-8BD3-C74F60BF10F9}.release_static_mt|Win32.ActiveCfg = Release|Win32
		{99461023-45F4-4A62-8BD3-C74F60BF10F9}.release_static_mt|Win32.Build.0 = Release|Win32
		{99461023-45F4-4A62-8BD3-C74F60BF10F9}.Release|Win32.ActiveCfg = Release|Win32
		{99461023-45F4-4A62-8BD3-C74F60BF10F9}.Release|Win32.Build.0 = Release|Win32
		{A097DC74-A5FC-4A0B-804E-B18892426E77}.debug_shared|Win32.ActiveCfg = debug_shared|Win32
		{A097DC74-A5FC-4A0B-804E-B18892426E77}.debug_shared|Win32.Build.0 = debug_shared|Win32
		{A097DC74-A5FC-4A0B-804E-B18892426E77}.debug_static_md|Win32.ActiveCfg = debug_static_md|Win32
		{A097DC74-A5FC-4A0B-804E-B18892426E77}.debug_static_md|Win32.Build.0 = debug_static_md|Win32
		{A097DC74-A5FC-4A0B-804E-B18892426E77}.debug_static_mt|Win32.ActiveCfg = debug_static_mt|Win32
		{A097DC74-A5FC-4A0B-804E-B18892426E77}.debug_static_mt|Win32.Build.0 = debug_static_mt|Win32
		{A097DC74-A5FC-4A0B-804E-B18892426E77}.Debug|Win32.ActiveCfg = debug_static_md|Win32
		{A097DC74-A5FC-4A0B-804E-B18892426E77}.Debug|Win32.Build.0 = debug_static_md|Win32
		{A097DC74-A5FC-4A0B-804E-B18892426E77}.release_shared|Win32.ActiveCfg = release_shared|Win32
		{A097DC74-A5FC-4A0B-804E-B18892426E77}.release_shared|Win32.Build.0 = release_shared|Win32
		{A097DC74-A5FC-4A0B-804E-B18892426E77}.release_static_md|Win32.ActiveCfg = release_static_md|Win32
		{A097DC74-A5FC-4A0B-804E-B18892426E77}.release_static_md|Win32.Build.0 = release_static_md|Win32
		{A097DC74-A5FC-4A0B-804E-B18892426E77}.release_static_mt|Win32.ActiveCfg = release_static_mt|Win32
		{A097DC74-A5FC-4A0B-804E-B18892426E77}.release_static_mt|Win32.Build.0 = release_static_mt|Win32
		{A097DC74-A5FC-4A0B-804E-B18892426E77}.Release|Win32.ActiveCfg = release_static_md|Win32
		{A097DC74-A5FC-4A0B-804E-B18892426E77}.Release|Win32.Build.0 = release_static_md|Win32
	EndGlobalSection
	GlobalSection(SolutionProperties) = preSolution
		HideSolutionNode = FALSE
	EndGlobalSection
	GlobalSection(NestedProjects) = preSolution
		{AB98020E-B44F-48F0-9125-BBF0A15B709F} = {2C89EC68-785D-4AC4-80AA-06034D97551F}
		{89A1E353-E2DC-495C-B403-742BE206ACED} = {2C89EC68-785D-4AC4-80AA-06034D97551F}
		{88562969-9EAA-4AA4-AFE2-6507576942C1} = {2C89EC68-785D-4AC4-80AA-06034D97551F}
		{C2BB8299-AB1E-451A-8047-32D5364B7F78} = {2C89EC68-785D-4AC4-80AA-06034D97551F}
		{0A06EE6B-411F-42DC-917F-F34E00267019} = {2C89EC68-785D-4AC4-80AA-06034D97551F}
		{99461023-45F4-4A62-8BD3-C74F60BF10F9} = {2C89EC68-785D-4AC4-80AA-06034D97551F}
		{B057A1FE-09F7-465E-B8B5-E1B659051D76} = {AB98020E-B44F-48F0-9125-BBF0A15B709F}
		{6FF56CDB-787A-4714-A28C-919003F9FA6C} = {AB98020E-B44F-48F0-9125-BBF0A15B709F}
		{9E211743-85FE-4977-82F3-4F04B40C912D} = {AB98020E-B44F-48F0-9125-BBF0A15B709F}
		{0E7FE914-0690-3EB4-9119-93A97CC97741} = {AB98020E-B44F-48F0-9125-BBF0A15B709F}
		{B01196CC-B693-4548-8464-2FF60499E73F} = {AB98020E-B44F-48F0-9125-BBF0A15B709F}
		{A097DC74-A5FC-4A0B-804E-B18892426E77} = {AB98020E-B44F-48F0-9125-BBF0A15B709F}
	EndGlobalSection
EndGlobal
